
Microsoft Visual Studio Solution File, Format Version 12.00
# Visual Studio 15
VisualStudioVersion = 15.0.28307.136
MinimumVisualStudioVersion = 10.0.40219.1
Project("{FAE04EC0-301F-11D3-BF4B-00C04F79EFBC}") = "StringSerchingAlgorithms", "StringSerchingAlgorithms.csproj", "{F41176B0-459C-483A-B469-6C92C4BA9CDB}"
EndProject
Project("{FAE04EC0-301F-11D3-BF4B-00C04F79EFBC}") = "TestStringSerching", "TestStringSerching\TestStringSerching.csproj", "{A9D93EFB-6C69-474A-82B7-EB94036ADD66}"
EndProject
Global
	GlobalSection(SolutionConfigurationPlatforms) = preSolution
		Debug|Any CPU = Debug|Any CPU
		Release|Any CPU = Release|Any CPU
	EndGlobalSection
	GlobalSection(ProjectConfigurationPlatforms) = postSolution
		{F41176B0-459C-483A-B469-6C92C4BA9CDB}.Debug|Any CPU.ActiveCfg = Debug|Any CPU
		{F41176B0-459C-483A-B469-6C92C4BA9CDB}.Debug|Any CPU.Build.0 = Debug|Any CPU
		{F41176B0-459C-483A-B469-6C92C4BA9CDB}.Release|Any CPU.ActiveCfg = Release|Any CPU
		{F41176B0-459C-483A-B469-6C92C4BA9CDB}.Release|Any CPU.Build.0 = Release|Any CPU
		{A9D93EFB-6C69-474A-82B7-EB94036ADD66}.Debug|Any CPU.ActiveCfg = Debug|Any CPU
		{A9D93EFB-6C69-474A-82B7-EB94036ADD66}.Debug|Any CPU.Build.0 = Debug|Any CPU
		{A9D93EFB-6C69-474A-82B7-EB94036ADD66}.Release|Any CPU.ActiveCfg = Release|Any CPU
		{A9D93EFB-6C69-474A-82B7-EB94036ADD66}.Release|Any CPU.Build.0 = Release|Any CPU
	EndGlobalSection
	GlobalSection(SolutionProperties) = preSolution
		HideSolutionNode = FALSE
	EndGlobalSection
	GlobalSection(ExtensibilityGlobals) = postSolution
		SolutionGuid = {2E5D9399-711C-4323-9BE0-7A6963E9BEE8}
	EndGlobalSection
EndGlobal
