
Microsoft Visual Studio Solution File, Format Version 12.00
# Visual Studio 15
VisualStudioVersion = 15.0.28307.136
MinimumVisualStudioVersion = 10.0.40219.1
Project("{FAE04EC0-301F-11D3-BF4B-00C04F79EFBC}") = "TestEngine", "TestEngine.csproj", "{1F9D563E-C022-4DD1-87EA-E2E40E530609}"
EndProject
Project("{FAE04EC0-301F-11D3-BF4B-00C04F79EFBC}") = "GraphicsEngine", "..\GraphicsEngine\GraphicsEngine.csproj", "{1C09F23A-2897-49CD-83EF-84BA0FA39701}"
EndProject
Project("{FAE04EC0-301F-11D3-BF4B-00C04F79EFBC}") = "EngineBasics", "..\EngineBasics\EngineBasics.csproj", "{F5E54AEE-F44E-49A8-8016-C6C8C3717A7A}"
EndProject
Global
	GlobalSection(SolutionConfigurationPlatforms) = preSolution
		Debug|Any CPU = Debug|Any CPU
		Release|Any CPU = Release|Any CPU
	EndGlobalSection
	GlobalSection(ProjectConfigurationPlatforms) = postSolution
		{1F9D563E-C022-4DD1-87EA-E2E40E530609}.Debug|Any CPU.ActiveCfg = Debug|Any CPU
		{1F9D563E-C022-4DD1-87EA-E2E40E530609}.Debug|Any CPU.Build.0 = Debug|Any CPU
		{1F9D563E-C022-4DD1-87EA-E2E40E530609}.Release|Any CPU.ActiveCfg = Release|Any CPU
		{1F9D563E-C022-4DD1-87EA-E2E40E530609}.Release|Any CPU.Build.0 = Release|Any CPU
		{1C09F23A-2897-49CD-83EF-84BA0FA39701}.Debug|Any CPU.ActiveCfg = Debug|Any CPU
		{1C09F23A-2897-49CD-83EF-84BA0FA39701}.Debug|Any CPU.Build.0 = Debug|Any CPU
		{1C09F23A-2897-49CD-83EF-84BA0FA39701}.Release|Any CPU.ActiveCfg = Release|Any CPU
		{1C09F23A-2897-49CD-83EF-84BA0FA39701}.Release|Any CPU.Build.0 = Release|Any CPU
		{F5E54AEE-F44E-49A8-8016-C6C8C3717A7A}.Debug|Any CPU.ActiveCfg = Debug|Any CPU
		{F5E54AEE-F44E-49A8-8016-C6C8C3717A7A}.Debug|Any CPU.Build.0 = Debug|Any CPU
		{F5E54AEE-F44E-49A8-8016-C6C8C3717A7A}.Release|Any CPU.ActiveCfg = Release|Any CPU
		{F5E54AEE-F44E-49A8-8016-C6C8C3717A7A}.Release|Any CPU.Build.0 = Release|Any CPU
	EndGlobalSection
	GlobalSection(SolutionProperties) = preSolution
		HideSolutionNode = FALSE
	EndGlobalSection
	GlobalSection(ExtensibilityGlobals) = postSolution
		SolutionGuid = {54F3ACD3-5DE9-43A9-99EA-6F1C19A503A0}
	EndGlobalSection
EndGlobal
